
Microsoft Visual Studio Solution File, Format Version 12.00
# Visual Studio Version 16
VisualStudioVersion = 16.0.29920.165
MinimumVisualStudioVersion = 10.0.40219.1
Project("{2150E333-8FDC-42A3-9474-1A3956D46DE8}") = "Client", "Client", "{146A785A-141B-4608-B0A5-B3A6740833BC}"
EndProject
Project("{FAE04EC0-301F-11D3-BF4B-00C04F79EFBC}") = "Sharing.Client.UWP", "Sharing.Client\Sharing.Client.UWP\Sharing.Client.UWP.csproj", "{89C71DCA-17FE-4075-8992-B3B880CE5BAD}"
EndProject
Project("{9A19103F-16F7-4668-BE54-9A1E7A4F7556}") = "Sharing.Client.UI", "Sharing.Client\Sharing.Client\Sharing.Client.UI.csproj", "{866AB645-BFDB-44A1-BC5A-69D0084ED494}"
EndProject
Project("{9A19103F-16F7-4668-BE54-9A1E7A4F7556}") = "Sharing.Client.Core", "Sharing.Client.Core\Sharing.Client.Core.csproj", "{B6639065-143F-4753-9EE8-3F0B75ECB316}"
EndProject
Project("{FAE04EC0-301F-11D3-BF4B-00C04F79EFBC}") = "Sharing.Server", "Sharing.Server\Sharing.Server.csproj", "{DC7DB69A-C717-49DE-B0BB-3046BA159607}"
EndProject
Project("{FAE04EC0-301F-11D3-BF4B-00C04F79EFBC}") = "Sharing.Shared", "Sharing.Shared\Sharing.Shared.csproj", "{E4E5027D-2B61-4184-87D6-B7F6A4CDBF84}"
EndProject
Global
	GlobalSection(SolutionConfigurationPlatforms) = preSolution
		Debug|Any CPU = Debug|Any CPU
		Debug|ARM = Debug|ARM
		Debug|x64 = Debug|x64
		Debug|x86 = Debug|x86
		Release|Any CPU = Release|Any CPU
		Release|ARM = Release|ARM
		Release|x64 = Release|x64
		Release|x86 = Release|x86
	EndGlobalSection
	GlobalSection(ProjectConfigurationPlatforms) = postSolution
		{89C71DCA-17FE-4075-8992-B3B880CE5BAD}.Debug|Any CPU.ActiveCfg = Debug|x86
		{89C71DCA-17FE-4075-8992-B3B880CE5BAD}.Debug|ARM.ActiveCfg = Debug|ARM
		{89C71DCA-17FE-4075-8992-B3B880CE5BAD}.Debug|ARM.Build.0 = Debug|ARM
		{89C71DCA-17FE-4075-8992-B3B880CE5BAD}.Debug|ARM.Deploy.0 = Debug|ARM
		{89C71DCA-17FE-4075-8992-B3B880CE5BAD}.Debug|x64.ActiveCfg = Debug|x64
		{89C71DCA-17FE-4075-8992-B3B880CE5BAD}.Debug|x64.Build.0 = Debug|x64
		{89C71DCA-17FE-4075-8992-B3B880CE5BAD}.Debug|x64.Deploy.0 = Debug|x64
		{89C71DCA-17FE-4075-8992-B3B880CE5BAD}.Debug|x86.ActiveCfg = Debug|x86
		{89C71DCA-17FE-4075-8992-B3B880CE5BAD}.Debug|x86.Build.0 = Debug|x86
		{89C71DCA-17FE-4075-8992-B3B880CE5BAD}.Debug|x86.Deploy.0 = Debug|x86
		{89C71DCA-17FE-4075-8992-B3B880CE5BAD}.Release|Any CPU.ActiveCfg = Release|x86
		{89C71DCA-17FE-4075-8992-B3B880CE5BAD}.Release|ARM.ActiveCfg = Release|ARM
		{89C71DCA-17FE-4075-8992-B3B880CE5BAD}.Release|ARM.Build.0 = Release|ARM
		{89C71DCA-17FE-4075-8992-B3B880CE5BAD}.Release|ARM.Deploy.0 = Release|ARM
		{89C71DCA-17FE-4075-8992-B3B880CE5BAD}.Release|x64.ActiveCfg = Release|x64
		{89C71DCA-17FE-4075-8992-B3B880CE5BAD}.Release|x64.Build.0 = Release|x64
		{89C71DCA-17FE-4075-8992-B3B880CE5BAD}.Release|x64.Deploy.0 = Release|x64
		{89C71DCA-17FE-4075-8992-B3B880CE5BAD}.Release|x86.ActiveCfg = Release|x86
		{89C71DCA-17FE-4075-8992-B3B880CE5BAD}.Release|x86.Build.0 = Release|x86
		{89C71DCA-17FE-4075-8992-B3B880CE5BAD}.Release|x86.Deploy.0 = Release|x86
		{866AB645-BFDB-44A1-BC5A-69D0084ED494}.Debug|Any CPU.ActiveCfg = Debug|Any CPU
		{866AB645-BFDB-44A1-BC5A-69D0084ED494}.Debug|Any CPU.Build.0 = Debug|Any CPU
		{866AB645-BFDB-44A1-BC5A-69D0084ED494}.Debug|ARM.ActiveCfg = Debug|Any CPU
		{866AB645-BFDB-44A1-BC5A-69D0084ED494}.Debug|ARM.Build.0 = Debug|Any CPU
		{866AB645-BFDB-44A1-BC5A-69D0084ED494}.Debug|x64.ActiveCfg = Debug|Any CPU
		{866AB645-BFDB-44A1-BC5A-69D0084ED494}.Debug|x64.Build.0 = Debug|Any CPU
		{866AB645-BFDB-44A1-BC5A-69D0084ED494}.Debug|x86.ActiveCfg = Debug|Any CPU
		{866AB645-BFDB-44A1-BC5A-69D0084ED494}.Debug|x86.Build.0 = Debug|Any CPU
		{866AB645-BFDB-44A1-BC5A-69D0084ED494}.Release|Any CPU.ActiveCfg = Release|Any CPU
		{866AB645-BFDB-44A1-BC5A-69D0084ED494}.Release|Any CPU.Build.0 = Release|Any CPU
		{866AB645-BFDB-44A1-BC5A-69D0084ED494}.Release|ARM.ActiveCfg = Release|Any CPU
		{866AB645-BFDB-44A1-BC5A-69D0084ED494}.Release|ARM.Build.0 = Release|Any CPU
		{866AB645-BFDB-44A1-BC5A-69D0084ED494}.Release|x64.ActiveCfg = Release|Any CPU
		{866AB645-BFDB-44A1-BC5A-69D0084ED494}.Release|x64.Build.0 = Release|Any CPU
		{866AB645-BFDB-44A1-BC5A-69D0084ED494}.Release|x86.ActiveCfg = Release|Any CPU
		{866AB645-BFDB-44A1-BC5A-69D0084ED494}.Release|x86.Build.0 = Release|Any CPU
		{B6639065-143F-4753-9EE8-3F0B75ECB316}.Debug|Any CPU.ActiveCfg = Debug|Any CPU
		{B6639065-143F-4753-9EE8-3F0B75ECB316}.Debug|Any CPU.Build.0 = Debug|Any CPU
		{B6639065-143F-4753-9EE8-3F0B75ECB316}.Debug|ARM.ActiveCfg = Debug|Any CPU
		{B6639065-143F-4753-9EE8-3F0B75ECB316}.Debug|ARM.Build.0 = Debug|Any CPU
		{B6639065-143F-4753-9EE8-3F0B75ECB316}.Debug|x64.ActiveCfg = Debug|Any CPU
		{B6639065-143F-4753-9EE8-3F0B75ECB316}.Debug|x64.Build.0 = Debug|Any CPU
		{B6639065-143F-4753-9EE8-3F0B75ECB316}.Debug|x86.ActiveCfg = Debug|Any CPU
		{B6639065-143F-4753-9EE8-3F0B75ECB316}.Debug|x86.Build.0 = Debug|Any CPU
		{B6639065-143F-4753-9EE8-3F0B75ECB316}.Release|Any CPU.ActiveCfg = Release|Any CPU
		{B6639065-143F-4753-9EE8-3F0B75ECB316}.Release|Any CPU.Build.0 = Release|Any CPU
		{B6639065-143F-4753-9EE8-3F0B75ECB316}.Release|ARM.ActiveCfg = Release|Any CPU
		{B6639065-143F-4753-9EE8-3F0B75ECB316}.Release|ARM.Build.0 = Release|Any CPU
		{B6639065-143F-4753-9EE8-3F0B75ECB316}.Release|x64.ActiveCfg = Release|Any CPU
		{B6639065-143F-4753-9EE8-3F0B75ECB316}.Release|x64.Build.0 = Release|Any CPU
		{B6639065-143F-4753-9EE8-3F0B75ECB316}.Release|x86.ActiveCfg = Release|Any CPU
		{B6639065-143F-4753-9EE8-3F0B75ECB316}.Release|x86.Build.0 = Release|Any CPU
		{DC7DB69A-C717-49DE-B0BB-3046BA159607}.Debug|Any CPU.ActiveCfg = Debug|Any CPU
		{DC7DB69A-C717-49DE-B0BB-3046BA159607}.Debug|Any CPU.Build.0 = Debug|Any CPU
		{DC7DB69A-C717-49DE-B0BB-3046BA159607}.Debug|ARM.ActiveCfg = Debug|Any CPU
		{DC7DB69A-C717-49DE-B0BB-3046BA159607}.Debug|ARM.Build.0 = Debug|Any CPU
		{DC7DB69A-C717-49DE-B0BB-3046BA159607}.Debug|x64.ActiveCfg = Debug|Any CPU
		{DC7DB69A-C717-49DE-B0BB-3046BA159607}.Debug|x64.Build.0 = Debug|Any CPU
		{DC7DB69A-C717-49DE-B0BB-3046BA159607}.Debug|x86.ActiveCfg = Debug|Any CPU
		{DC7DB69A-C717-49DE-B0BB-3046BA159607}.Debug|x86.Build.0 = Debug|Any CPU
		{DC7DB69A-C717-49DE-B0BB-3046BA159607}.Release|Any CPU.ActiveCfg = Release|Any CPU
		{DC7DB69A-C717-49DE-B0BB-3046BA159607}.Release|Any CPU.Build.0 = Release|Any CPU
		{DC7DB69A-C717-49DE-B0BB-3046BA159607}.Release|ARM.ActiveCfg = Release|Any CPU
		{DC7DB69A-C717-49DE-B0BB-3046BA159607}.Release|ARM.Build.0 = Release|Any CPU
		{DC7DB69A-C717-49DE-B0BB-3046BA159607}.Release|x64.ActiveCfg = Release|Any CPU
		{DC7DB69A-C717-49DE-B0BB-3046BA159607}.Release|x64.Build.0 = Release|Any CPU
		{DC7DB69A-C717-49DE-B0BB-3046BA159607}.Release|x86.ActiveCfg = Release|Any CPU
		{DC7DB69A-C717-49DE-B0BB-3046BA159607}.Release|x86.Build.0 = Release|Any CPU
		{E4E5027D-2B61-4184-87D6-B7F6A4CDBF84}.Debug|Any CPU.ActiveCfg = Debug|Any CPU
		{E4E5027D-2B61-4184-87D6-B7F6A4CDBF84}.Debug|Any CPU.Build.0 = Debug|Any CPU
		{E4E5027D-2B61-4184-87D6-B7F6A4CDBF84}.Debug|ARM.ActiveCfg = Debug|Any CPU
		{E4E5027D-2B61-4184-87D6-B7F6A4CDBF84}.Debug|ARM.Build.0 = Debug|Any CPU
		{E4E5027D-2B61-4184-87D6-B7F6A4CDBF84}.Debug|x64.ActiveCfg = Debug|Any CPU
		{E4E5027D-2B61-4184-87D6-B7F6A4CDBF84}.Debug|x64.Build.0 = Debug|Any CPU
		{E4E5027D-2B61-4184-87D6-B7F6A4CDBF84}.Debug|x86.ActiveCfg = Debug|Any CPU
		{E4E5027D-2B61-4184-87D6-B7F6A4CDBF84}.Debug|x86.Build.0 = Debug|Any CPU
		{E4E5027D-2B61-4184-87D6-B7F6A4CDBF84}.Release|Any CPU.ActiveCfg = Release|Any CPU
		{E4E5027D-2B61-4184-87D6-B7F6A4CDBF84}.Release|Any CPU.Build.0 = Release|Any CPU
		{E4E5027D-2B61-4184-87D6-B7F6A4CDBF84}.Release|ARM.ActiveCfg = Release|Any CPU
		{E4E5027D-2B61-4184-87D6-B7F6A4CDBF84}.Release|ARM.Build.0 = Release|Any CPU
		{E4E5027D-2B61-4184-87D6-B7F6A4CDBF84}.Release|x64.ActiveCfg = Release|Any CPU
		{E4E5027D-2B61-4184-87D6-B7F6A4CDBF84}.Release|x64.Build.0 = Release|Any CPU
		{E4E5027D-2B61-4184-87D6-B7F6A4CDBF84}.Release|x86.ActiveCfg = Release|Any CPU
		{E4E5027D-2B61-4184-87D6-B7F6A4CDBF84}.Release|x86.Build.0 = Release|Any CPU
	EndGlobalSection
	GlobalSection(SolutionProperties) = preSolution
		HideSolutionNode = FALSE
	EndGlobalSection
	GlobalSection(NestedProjects) = preSolution
		{89C71DCA-17FE-4075-8992-B3B880CE5BAD} = {146A785A-141B-4608-B0A5-B3A6740833BC}
		{866AB645-BFDB-44A1-BC5A-69D0084ED494} = {146A785A-141B-4608-B0A5-B3A6740833BC}
		{B6639065-143F-4753-9EE8-3F0B75ECB316} = {146A785A-141B-4608-B0A5-B3A6740833BC}
	EndGlobalSection
	GlobalSection(ExtensibilityGlobals) = postSolution
		SolutionGuid = {78574A12-AD8E-429C-B4AB-80754CA58E90}
	EndGlobalSection
EndGlobal
